
Microsoft Visual Studio Solution File, Format Version 12.00
# Visual Studio 14
VisualStudioVersion = 14.0.25420.1
MinimumVisualStudioVersion = 10.0.40219.1
Project("{8BC9CEB8-8B4A-11D0-8D11-00A0C91BC942}") = "12.8", "12.8\12.8.vcxproj", "{61023A7B-CD07-4478-892F-4EC5D0402FFD}"
EndProject
Global
	GlobalSection(SolutionConfigurationPlatforms) = preSolution
		Debug|x64 = Debug|x64
		Debug|x86 = Debug|x86
		Release|x64 = Release|x64
		Release|x86 = Release|x86
	EndGlobalSection
	GlobalSection(ProjectConfigurationPlatforms) = postSolution
		{61023A7B-CD07-4478-892F-4EC5D0402FFD}.Debug|x64.ActiveCfg = Debug|x64
		{61023A7B-CD07-4478-892F-4EC5D0402FFD}.Debug|x64.Build.0 = Debug|x64
		{61023A7B-CD07-4478-892F-4EC5D0402FFD}.Debug|x86.ActiveCfg = Debug|Win32
		{61023A7B-CD07-4478-892F-4EC5D0402FFD}.Debug|x86.Build.0 = Debug|Win32
		{61023A7B-CD07-4478-892F-4EC5D0402FFD}.Release|x64.ActiveCfg = Release|x64
		{61023A7B-CD07-4478-892F-4EC5D0402FFD}.Release|x64.Build.0 = Release|x64
		{61023A7B-CD07-4478-892F-4EC5D0402FFD}.Release|x86.ActiveCfg = Release|Win32
		{61023A7B-CD07-4478-892F-4EC5D0402FFD}.Release|x86.Build.0 = Release|Win32
	EndGlobalSection
	GlobalSection(SolutionProperties) = preSolution
		HideSolutionNode = FALSE
	EndGlobalSection
EndGlobal
